
Microsoft Visual Studio Solution File, Format Version 12.00
# Visual Studio Version 17
VisualStudioVersion = 17.0.31903.59
MinimumVisualStudioVersion = 10.0.40219.1
Project("{2150E333-8FDC-42A3-9474-1A3956D46DE8}") = "src", "src", "{827E0CD3-B72D-47B6-A68D-7590B98EB39B}"
EndProject
Project("{FAE04EC0-301F-11D3-BF4B-00C04F79EFBC}") = "BlazeForms.Core", "src\BlazeForms.Core\BlazeForms.Core.csproj", "{BE553E8A-87E1-43C4-899D-57D4E539FA11}"
EndProject
Project("{FAE04EC0-301F-11D3-BF4B-00C04F79EFBC}") = "BlazeForms.Renderer", "src\BlazeForms.Renderer\BlazeForms.Renderer.csproj", "{5B5D8A06-6062-4AAE-8A9D-E2B70ACEC6A3}"
EndProject
Project("{FAE04EC0-301F-11D3-BF4B-00C04F79EFBC}") = "BlazeForms.Designer", "src\BlazeForms.Designer\BlazeForms.Designer.csproj", "{6315C709-3A95-4725-A50E-AD49297FCADF}"
EndProject
Project("{2150E333-8FDC-42A3-9474-1A3956D46DE8}") = "tests", "tests", "{0AB3BF05-4346-4AA6-1389-037BE0695223}"
EndProject
Project("{FAE04EC0-301F-11D3-BF4B-00C04F79EFBC}") = "BlazeForms.Core.Tests", "tests\BlazeForms.Core.Tests\BlazeForms.Core.Tests.csproj", "{9CF26723-1A83-4590-8182-D6788B2E1D27}"
EndProject
Project("{FAE04EC0-301F-11D3-BF4B-00C04F79EFBC}") = "BlazeForms.Renderer.Tests", "tests\BlazeForms.Renderer.Tests\BlazeForms.Renderer.Tests.csproj", "{734C075E-E9D2-4AE2-B214-7B93D07E4529}"
EndProject
Project("{FAE04EC0-301F-11D3-BF4B-00C04F79EFBC}") = "BlazeForms.Designer.Tests", "tests\BlazeForms.Designer.Tests\BlazeForms.Designer.Tests.csproj", "{5CCFDE60-C939-4207-9D8B-BC26C60446AE}"
EndProject
Project("{FAE04EC0-301F-11D3-BF4B-00C04F79EFBC}") = "BlazeForms.Architecture.Tests", "tests\BlazeForms.Architecture.Tests\BlazeForms.Architecture.Tests.csproj", "{AF222DDA-7924-48D8-A8B3-995E51ABC92D}"
EndProject
Project("{2150E333-8FDC-42A3-9474-1A3956D46DE8}") = "samples", "samples", "{5D20AA90-6969-D8BD-9DCD-8634F4692FDA}"
EndProject
Project("{FAE04EC0-301F-11D3-BF4B-00C04F79EFBC}") = "BlazeForms.Sample", "samples\BlazeForms.Sample\BlazeForms.Sample.csproj", "{A738F765-C73B-4122-A303-93E2970916A1}"
EndProject
Project("{FAE04EC0-301F-11D3-BF4B-00C04F79EFBC}") = "BlazeForms.Demo.Wasm", "samples\BlazeForms.Demo.Wasm\BlazeForms.Demo.Wasm.csproj", "{230D0C33-C6AB-4255-901F-E0B8CFECA12D}"
EndProject
Global
	GlobalSection(SolutionConfigurationPlatforms) = preSolution
		Debug|Any CPU = Debug|Any CPU
		Debug|x64 = Debug|x64
		Debug|x86 = Debug|x86
		Release|Any CPU = Release|Any CPU
		Release|x64 = Release|x64
		Release|x86 = Release|x86
	EndGlobalSection
	GlobalSection(ProjectConfigurationPlatforms) = postSolution
		{BE553E8A-87E1-43C4-899D-57D4E539FA11}.Debug|Any CPU.ActiveCfg = Debug|Any CPU
		{BE553E8A-87E1-43C4-899D-57D4E539FA11}.Debug|Any CPU.Build.0 = Debug|Any CPU
		{BE553E8A-87E1-43C4-899D-57D4E539FA11}.Debug|x64.ActiveCfg = Debug|Any CPU
		{BE553E8A-87E1-43C4-899D-57D4E539FA11}.Debug|x64.Build.0 = Debug|Any CPU
		{BE553E8A-87E1-43C4-899D-57D4E539FA11}.Debug|x86.ActiveCfg = Debug|Any CPU
		{BE553E8A-87E1-43C4-899D-57D4E539FA11}.Debug|x86.Build.0 = Debug|Any CPU
		{BE553E8A-87E1-43C4-899D-57D4E539FA11}.Release|Any CPU.ActiveCfg = Release|Any CPU
		{BE553E8A-87E1-43C4-899D-57D4E539FA11}.Release|Any CPU.Build.0 = Release|Any CPU
		{BE553E8A-87E1-43C4-899D-57D4E539FA11}.Release|x64.ActiveCfg = Release|Any CPU
		{BE553E8A-87E1-43C4-899D-57D4E539FA11}.Release|x64.Build.0 = Release|Any CPU
		{BE553E8A-87E1-43C4-899D-57D4E539FA11}.Release|x86.ActiveCfg = Release|Any CPU
		{BE553E8A-87E1-43C4-899D-57D4E539FA11}.Release|x86.Build.0 = Release|Any CPU
		{5B5D8A06-6062-4AAE-8A9D-E2B70ACEC6A3}.Debug|Any CPU.ActiveCfg = Debug|Any CPU
		{5B5D8A06-6062-4AAE-8A9D-E2B70ACEC6A3}.Debug|Any CPU.Build.0 = Debug|Any CPU
		{5B5D8A06-6062-4AAE-8A9D-E2B70ACEC6A3}.Debug|x64.ActiveCfg = Debug|Any CPU
		{5B5D8A06-6062-4AAE-8A9D-E2B70ACEC6A3}.Debug|x64.Build.0 = Debug|Any CPU
		{5B5D8A06-6062-4AAE-8A9D-E2B70ACEC6A3}.Debug|x86.ActiveCfg = Debug|Any CPU
		{5B5D8A06-6062-4AAE-8A9D-E2B70ACEC6A3}.Debug|x86.Build.0 = Debug|Any CPU
		{5B5D8A06-6062-4AAE-8A9D-E2B70ACEC6A3}.Release|Any CPU.ActiveCfg = Release|Any CPU
		{5B5D8A06-6062-4AAE-8A9D-E2B70ACEC6A3}.Release|Any CPU.Build.0 = Release|Any CPU
		{5B5D8A06-6062-4AAE-8A9D-E2B70ACEC6A3}.Release|x64.ActiveCfg = Release|Any CPU
		{5B5D8A06-6062-4AAE-8A9D-E2B70ACEC6A3}.Release|x64.Build.0 = Release|Any CPU
		{5B5D8A06-6062-4AAE-8A9D-E2B70ACEC6A3}.Release|x86.ActiveCfg = Release|Any CPU
		{5B5D8A06-6062-4AAE-8A9D-E2B70ACEC6A3}.Release|x86.Build.0 = Release|Any CPU
		{6315C709-3A95-4725-A50E-AD49297FCADF}.Debug|Any CPU.ActiveCfg = Debug|Any CPU
		{6315C709-3A95-4725-A50E-AD49297FCADF}.Debug|Any CPU.Build.0 = Debug|Any CPU
		{6315C709-3A95-4725-A50E-AD49297FCADF}.Debug|x64.ActiveCfg = Debug|Any CPU
		{6315C709-3A95-4725-A50E-AD49297FCADF}.Debug|x64.Build.0 = Debug|Any CPU
		{6315C709-3A95-4725-A50E-AD49297FCADF}.Debug|x86.ActiveCfg = Debug|Any CPU
		{6315C709-3A95-4725-A50E-AD49297FCADF}.Debug|x86.Build.0 = Debug|Any CPU
		{6315C709-3A95-4725-A50E-AD49297FCADF}.Release|Any CPU.ActiveCfg = Release|Any CPU
		{6315C709-3A95-4725-A50E-AD49297FCADF}.Release|Any CPU.Build.0 = Release|Any CPU
		{6315C709-3A95-4725-A50E-AD49297FCADF}.Release|x64.ActiveCfg = Release|Any CPU
		{6315C709-3A95-4725-A50E-AD49297FCADF}.Release|x64.Build.0 = Release|Any CPU
		{6315C709-3A95-4725-A50E-AD49297FCADF}.Release|x86.ActiveCfg = Release|Any CPU
		{6315C709-3A95-4725-A50E-AD49297FCADF}.Release|x86.Build.0 = Release|Any CPU
		{9CF26723-1A83-4590-8182-D6788B2E1D27}.Debug|Any CPU.ActiveCfg = Debug|Any CPU
		{9CF26723-1A83-4590-8182-D6788B2E1D27}.Debug|Any CPU.Build.0 = Debug|Any CPU
		{9CF26723-1A83-4590-8182-D6788B2E1D27}.Debug|x64.ActiveCfg = Debug|Any CPU
		{9CF26723-1A83-4590-8182-D6788B2E1D27}.Debug|x64.Build.0 = Debug|Any CPU
		{9CF26723-1A83-4590-8182-D6788B2E1D27}.Debug|x86.ActiveCfg = Debug|Any CPU
		{9CF26723-1A83-4590-8182-D6788B2E1D27}.Debug|x86.Build.0 = Debug|Any CPU
		{9CF26723-1A83-4590-8182-D6788B2E1D27}.Release|Any CPU.ActiveCfg = Release|Any CPU
		{9CF26723-1A83-4590-8182-D6788B2E1D27}.Release|Any CPU.Build.0 = Release|Any CPU
		{9CF26723-1A83-4590-8182-D6788B2E1D27}.Release|x64.ActiveCfg = Release|Any CPU
		{9CF26723-1A83-4590-8182-D6788B2E1D27}.Release|x64.Build.0 = Release|Any CPU
		{9CF26723-1A83-4590-8182-D6788B2E1D27}.Release|x86.ActiveCfg = Release|Any CPU
		{9CF26723-1A83-4590-8182-D6788B2E1D27}.Release|x86.Build.0 = Release|Any CPU
		{734C075E-E9D2-4AE2-B214-7B93D07E4529}.Debug|Any CPU.ActiveCfg = Debug|Any CPU
		{734C075E-E9D2-4AE2-B214-7B93D07E4529}.Debug|Any CPU.Build.0 = Debug|Any CPU
		{734C075E-E9D2-4AE2-B214-7B93D07E4529}.Debug|x64.ActiveCfg = Debug|Any CPU
		{734C075E-E9D2-4AE2-B214-7B93D07E4529}.Debug|x64.Build.0 = Debug|Any CPU
		{734C075E-E9D2-4AE2-B214-7B93D07E4529}.Debug|x86.ActiveCfg = Debug|Any CPU
		{734C075E-E9D2-4AE2-B214-7B93D07E4529}.Debug|x86.Build.0 = Debug|Any CPU
		{734C075E-E9D2-4AE2-B214-7B93D07E4529}.Release|Any CPU.ActiveCfg = Release|Any CPU
		{734C075E-E9D2-4AE2-B214-7B93D07E4529}.Release|Any CPU.Build.0 = Release|Any CPU
		{734C075E-E9D2-4AE2-B214-7B93D07E4529}.Release|x64.ActiveCfg = Release|Any CPU
		{734C075E-E9D2-4AE2-B214-7B93D07E4529}.Release|x64.Build.0 = Release|Any CPU
		{734C075E-E9D2-4AE2-B214-7B93D07E4529}.Release|x86.ActiveCfg = Release|Any CPU
		{734C075E-E9D2-4AE2-B214-7B93D07E4529}.Release|x86.Build.0 = Release|Any CPU
		{5CCFDE60-C939-4207-9D8B-BC26C60446AE}.Debug|Any CPU.ActiveCfg = Debug|Any CPU
		{5CCFDE60-C939-4207-9D8B-BC26C60446AE}.Debug|Any CPU.Build.0 = Debug|Any CPU
		{5CCFDE60-C939-4207-9D8B-BC26C60446AE}.Debug|x64.ActiveCfg = Debug|Any CPU
		{5CCFDE60-C939-4207-9D8B-BC26C60446AE}.Debug|x64.Build.0 = Debug|Any CPU
		{5CCFDE60-C939-4207-9D8B-BC26C60446AE}.Debug|x86.ActiveCfg = Debug|Any CPU
		{5CCFDE60-C939-4207-9D8B-BC26C60446AE}.Debug|x86.Build.0 = Debug|Any CPU
		{5CCFDE60-C939-4207-9D8B-BC26C60446AE}.Release|Any CPU.ActiveCfg = Release|Any CPU
		{5CCFDE60-C939-4207-9D8B-BC26C60446AE}.Release|Any CPU.Build.0 = Release|Any CPU
		{5CCFDE60-C939-4207-9D8B-BC26C60446AE}.Release|x64.ActiveCfg = Release|Any CPU
		{5CCFDE60-C939-4207-9D8B-BC26C60446AE}.Release|x64.Build.0 = Release|Any CPU
		{5CCFDE60-C939-4207-9D8B-BC26C60446AE}.Release|x86.ActiveCfg = Release|Any CPU
		{5CCFDE60-C939-4207-9D8B-BC26C60446AE}.Release|x86.Build.0 = Release|Any CPU
		{AF222DDA-7924-48D8-A8B3-995E51ABC92D}.Debug|Any CPU.ActiveCfg = Debug|Any CPU
		{AF222DDA-7924-48D8-A8B3-995E51ABC92D}.Debug|Any CPU.Build.0 = Debug|Any CPU
		{AF222DDA-7924-48D8-A8B3-995E51ABC92D}.Debug|x64.ActiveCfg = Debug|Any CPU
		{AF222DDA-7924-48D8-A8B3-995E51ABC92D}.Debug|x64.Build.0 = Debug|Any CPU
		{AF222DDA-7924-48D8-A8B3-995E51ABC92D}.Debug|x86.ActiveCfg = Debug|Any CPU
		{AF222DDA-7924-48D8-A8B3-995E51ABC92D}.Debug|x86.Build.0 = Debug|Any CPU
		{AF222DDA-7924-48D8-A8B3-995E51ABC92D}.Release|Any CPU.ActiveCfg = Release|Any CPU
		{AF222DDA-7924-48D8-A8B3-995E51ABC92D}.Release|Any CPU.Build.0 = Release|Any CPU
		{AF222DDA-7924-48D8-A8B3-995E51ABC92D}.Release|x64.ActiveCfg = Release|Any CPU
		{AF222DDA-7924-48D8-A8B3-995E51ABC92D}.Release|x64.Build.0 = Release|Any CPU
		{AF222DDA-7924-48D8-A8B3-995E51ABC92D}.Release|x86.ActiveCfg = Release|Any CPU
		{AF222DDA-7924-48D8-A8B3-995E51ABC92D}.Release|x86.Build.0 = Release|Any CPU
		{A738F765-C73B-4122-A303-93E2970916A1}.Debug|Any CPU.ActiveCfg = Debug|Any CPU
		{A738F765-C73B-4122-A303-93E2970916A1}.Debug|Any CPU.Build.0 = Debug|Any CPU
		{A738F765-C73B-4122-A303-93E2970916A1}.Debug|x64.ActiveCfg = Debug|Any CPU
		{A738F765-C73B-4122-A303-93E2970916A1}.Debug|x64.Build.0 = Debug|Any CPU
		{A738F765-C73B-4122-A303-93E2970916A1}.Debug|x86.ActiveCfg = Debug|Any CPU
		{A738F765-C73B-4122-A303-93E2970916A1}.Debug|x86.Build.0 = Debug|Any CPU
		{A738F765-C73B-4122-A303-93E2970916A1}.Release|Any CPU.ActiveCfg = Release|Any CPU
		{A738F765-C73B-4122-A303-93E2970916A1}.Release|Any CPU.Build.0 = Release|Any CPU
		{A738F765-C73B-4122-A303-93E2970916A1}.Release|x64.ActiveCfg = Release|Any CPU
		{A738F765-C73B-4122-A303-93E2970916A1}.Release|x64.Build.0 = Release|Any CPU
		{A738F765-C73B-4122-A303-93E2970916A1}.Release|x86.ActiveCfg = Release|Any CPU
		{A738F765-C73B-4122-A303-93E2970916A1}.Release|x86.Build.0 = Release|Any CPU
		{230D0C33-C6AB-4255-901F-E0B8CFECA12D}.Debug|Any CPU.ActiveCfg = Debug|Any CPU
		{230D0C33-C6AB-4255-901F-E0B8CFECA12D}.Debug|Any CPU.Build.0 = Debug|Any CPU
		{230D0C33-C6AB-4255-901F-E0B8CFECA12D}.Debug|x64.ActiveCfg = Debug|Any CPU
		{230D0C33-C6AB-4255-901F-E0B8CFECA12D}.Debug|x64.Build.0 = Debug|Any CPU
		{230D0C33-C6AB-4255-901F-E0B8CFECA12D}.Debug|x86.ActiveCfg = Debug|Any CPU
		{230D0C33-C6AB-4255-901F-E0B8CFECA12D}.Debug|x86.Build.0 = Debug|Any CPU
		{230D0C33-C6AB-4255-901F-E0B8CFECA12D}.Release|Any CPU.ActiveCfg = Release|Any CPU
		{230D0C33-C6AB-4255-901F-E0B8CFECA12D}.Release|Any CPU.Build.0 = Release|Any CPU
		{230D0C33-C6AB-4255-901F-E0B8CFECA12D}.Release|x64.ActiveCfg = Release|Any CPU
		{230D0C33-C6AB-4255-901F-E0B8CFECA12D}.Release|x64.Build.0 = Release|Any CPU
		{230D0C33-C6AB-4255-901F-E0B8CFECA12D}.Release|x86.ActiveCfg = Release|Any CPU
		{230D0C33-C6AB-4255-901F-E0B8CFECA12D}.Release|x86.Build.0 = Release|Any CPU
	EndGlobalSection
	GlobalSection(SolutionProperties) = preSolution
		HideSolutionNode = FALSE
	EndGlobalSection
	GlobalSection(NestedProjects) = preSolution
		{BE553E8A-87E1-43C4-899D-57D4E539FA11} = {827E0CD3-B72D-47B6-A68D-7590B98EB39B}
		{5B5D8A06-6062-4AAE-8A9D-E2B70ACEC6A3} = {827E0CD3-B72D-47B6-A68D-7590B98EB39B}
		{6315C709-3A95-4725-A50E-AD49297FCADF} = {827E0CD3-B72D-47B6-A68D-7590B98EB39B}
		{9CF26723-1A83-4590-8182-D6788B2E1D27} = {0AB3BF05-4346-4AA6-1389-037BE0695223}
		{734C075E-E9D2-4AE2-B214-7B93D07E4529} = {0AB3BF05-4346-4AA6-1389-037BE0695223}
		{5CCFDE60-C939-4207-9D8B-BC26C60446AE} = {0AB3BF05-4346-4AA6-1389-037BE0695223}
		{AF222DDA-7924-48D8-A8B3-995E51ABC92D} = {0AB3BF05-4346-4AA6-1389-037BE0695223}
		{A738F765-C73B-4122-A303-93E2970916A1} = {5D20AA90-6969-D8BD-9DCD-8634F4692FDA}
		{230D0C33-C6AB-4255-901F-E0B8CFECA12D} = {5D20AA90-6969-D8BD-9DCD-8634F4692FDA}
	EndGlobalSection
EndGlobal
